{
  "lockfileVersion": 1,
  "configVersion": 1,
  "workspaces": {
    "": {
      "name": "glance",
      "dependencies": {
        "@types/turndown": "^5.0.6",
        "defuddle": "^0.6.6",
        "marked": "^17.0.1",
        "react": "18",
        "react-dom": "18",
        "swr": "^2.2.5",
        "turndown": "^7.2.2",
      },
      "devDependencies": {
        "@rsbuild/core": "^1.6.3",
        "@rsbuild/plugin-svelte": "^1.0.11",
        "@rspack/core": "^1.6.3",
        "@rspack/lite-tapable": "^1.0.0",
        "@swc/helpers": "^0.5.10",
        "@types/chrome": "^0.0.273",
        "@types/marked": "^6.0.0",
        "@types/react": "18",
        "@types/react-dom": "18",
        "svelte": "^5.45.8",
        "typescript": "^5.6.3",
      },
    },
  },
  "packages": {
    "@asamuzakjp/css-color": ["@asamuzakjp/css-color@3.2.0", "https://registry.npmmirror.com/@asamuzakjp/css-color/-/css-color-3.2.0.tgz", { "dependencies": { "@csstools/css-calc": "^2.1.3", "@csstools/css-color-parser": "^3.0.9", "@csstools/css-parser-algorithms": "^3.0.4", "@csstools/css-tokenizer": "^3.0.3", "lru-cache": "^10.4.3" } }, "sha512-K1A6z8tS3XsmCMM86xoWdn7Fkdn9m6RSVtocUrJYIwZnFVkng/PvkEoWtOWmP+Scc6saYWHWZYbndEEXxl24jw=="],

    "@csstools/color-helpers": ["@csstools/color-helpers@5.1.0", "https://registry.npmmirror.com/@csstools/color-helpers/-/color-helpers-5.1.0.tgz", {}, "sha512-S11EXWJyy0Mz5SYvRmY8nJYTFFd1LCNV+7cXyAgQtOOuzb4EsgfqDufL+9esx72/eLhsRdGZwaldu/h+E4t4BA=="],

    "@csstools/css-calc": ["@csstools/css-calc@2.1.4", "https://registry.npmmirror.com/@csstools/css-calc/-/css-calc-2.1.4.tgz", { "peerDependencies": { "@csstools/css-parser-algorithms": "^3.0.5", "@csstools/css-tokenizer": "^3.0.4" } }, "sha512-3N8oaj+0juUw/1H3YwmDDJXCgTB1gKU6Hc/bB502u9zR0q2vd786XJH9QfrKIEgFlZmhZiq6epXl4rHqhzsIgQ=="],

    "@csstools/css-color-parser": ["@csstools/css-color-parser@3.1.0", "https://registry.npmmirror.com/@csstools/css-color-parser/-/css-color-parser-3.1.0.tgz", { "dependencies": { "@csstools/color-helpers": "^5.1.0", "@csstools/css-calc": "^2.1.4" }, "peerDependencies": { "@csstools/css-parser-algorithms": "^3.0.5", "@csstools/css-tokenizer": "^3.0.4" } }, "sha512-nbtKwh3a6xNVIp/VRuXV64yTKnb1IjTAEEh3irzS+HkKjAOYLTGNb9pmVNntZ8iVBHcWDA2Dof0QtPgFI1BaTA=="],

    "@csstools/css-parser-algorithms": ["@csstools/css-parser-algorithms@3.0.5", "https://registry.npmmirror.com/@csstools/css-parser-algorithms/-/css-parser-algorithms-3.0.5.tgz", { "peerDependencies": { "@csstools/css-tokenizer": "^3.0.4" } }, "sha512-DaDeUkXZKjdGhgYaHNJTV9pV7Y9B3b644jCLs9Upc3VeNGg6LWARAT6O+Q+/COo+2gg/bM5rhpMAtf70WqfBdQ=="],

    "@csstools/css-tokenizer": ["@csstools/css-tokenizer@3.0.4", "https://registry.npmmirror.com/@csstools/css-tokenizer/-/css-tokenizer-3.0.4.tgz", {}, "sha512-Vd/9EVDiu6PPJt9yAh6roZP6El1xHrdvIVGjyBsHR0RYwNHgL7FJPyIIW4fANJNG6FtyZfvlRPpFI4ZM/lubvw=="],

    "@emnapi/core": ["@emnapi/core@1.7.1", "https://registry.npmmirror.com/@emnapi/core/-/core-1.7.1.tgz", { "dependencies": { "@emnapi/wasi-threads": "1.1.0", "tslib": "^2.4.0" } }, "sha512-o1uhUASyo921r2XtHYOHy7gdkGLge8ghBEQHMWmyJFoXlpU58kIrhhN3w26lpQb6dspetweapMn2CSNwQ8I4wg=="],

    "@emnapi/runtime": ["@emnapi/runtime@1.7.1", "https://registry.npmmirror.com/@emnapi/runtime/-/runtime-1.7.1.tgz", { "dependencies": { "tslib": "^2.4.0" } }, "sha512-PVtJr5CmLwYAU9PZDMITZoR5iAOShYREoR45EyyLrbntV50mdePTgUn4AmOw90Ifcj+x2kRjdzr1HP3RrNiHGA=="],

    "@emnapi/wasi-threads": ["@emnapi/wasi-threads@1.1.0", "https://registry.npmmirror.com/@emnapi/wasi-threads/-/wasi-threads-1.1.0.tgz", { "dependencies": { "tslib": "^2.4.0" } }, "sha512-WI0DdZ8xFSbgMjR1sFsKABJ/C5OnRrjT06JXbZKexJGrDuPTzZdDYfFlsgcCXCyf+suG5QU2e/y1Wo2V/OapLQ=="],

    "@jridgewell/gen-mapping": ["@jridgewell/gen-mapping@0.3.13", "https://registry.npmmirror.com/@jridgewell/gen-mapping/-/gen-mapping-0.3.13.tgz", { "dependencies": { "@jridgewell/sourcemap-codec": "^1.5.0", "@jridgewell/trace-mapping": "^0.3.24" } }, "sha512-2kkt/7niJ6MgEPxF0bYdQ6etZaA+fQvDcLKckhy1yIQOzaoKjBBjSj63/aLVjYE3qhRt5dvM+uUyfCg6UKCBbA=="],

    "@jridgewell/remapping": ["@jridgewell/remapping@2.3.5", "https://registry.npmmirror.com/@jridgewell/remapping/-/remapping-2.3.5.tgz", { "dependencies": { "@jridgewell/gen-mapping": "^0.3.5", "@jridgewell/trace-mapping": "^0.3.24" } }, "sha512-LI9u/+laYG4Ds1TDKSJW2YPrIlcVYOwi2fUC6xB43lueCjgxV4lffOCZCtYFiH6TNOX+tQKXx97T4IKHbhyHEQ=="],

    "@jridgewell/resolve-uri": ["@jridgewell/resolve-uri@3.1.2", "https://registry.npmmirror.com/@jridgewell/resolve-uri/-/resolve-uri-3.1.2.tgz", {}, "sha512-bRISgCIjP20/tbWSPWMEi54QVPRZExkuD9lJL+UIxUKtwVJA8wW1Trb1jMs1RFXo1CBTNZ/5hpC9QvmKWdopKw=="],

    "@jridgewell/sourcemap-codec": ["@jridgewell/sourcemap-codec@1.5.5", "https://registry.npmmirror.com/@jridgewell/sourcemap-codec/-/sourcemap-codec-1.5.5.tgz", {}, "sha512-cYQ9310grqxueWbl+WuIUIaiUaDcj7WOq5fVhEljNVgRfOUhY9fy2zTvfoqWsnebh8Sl70VScFbICvJnLKB0Og=="],

    "@jridgewell/trace-mapping": ["@jridgewell/trace-mapping@0.3.31", "https://registry.npmmirror.com/@jridgewell/trace-mapping/-/trace-mapping-0.3.31.tgz", { "dependencies": { "@jridgewell/resolve-uri": "^3.1.0", "@jridgewell/sourcemap-codec": "^1.4.14" } }, "sha512-zzNR+SdQSDJzc8joaeP8QQoCQr8NuYx2dIIytl1QeBEZHJ9uW6hebsrYgbz8hJwUQao3TWCMtmfV8Nu1twOLAw=="],

    "@mixmark-io/domino": ["@mixmark-io/domino@2.2.0", "https://registry.npmmirror.com/@mixmark-io/domino/-/domino-2.2.0.tgz", {}, "sha512-Y28PR25bHXUg88kCV7nivXrP2Nj2RueZ3/l/jdx6J9f8J4nsEGcgX0Qe6lt7Pa+J79+kPiJU3LguR6O/6zrLOw=="],

    "@module-federation/error-codes": ["@module-federation/error-codes@0.21.6", "https://registry.npmmirror.com/@module-federation/error-codes/-/error-codes-0.21.6.tgz", {}, "sha512-MLJUCQ05KnoVl8xd6xs9a5g2/8U+eWmVxg7xiBMeR0+7OjdWUbHwcwgVFatRIwSZvFgKHfWEiI7wsU1q1XbTRQ=="],

    "@module-federation/runtime": ["@module-federation/runtime@0.21.6", "https://registry.npmmirror.com/@module-federation/runtime/-/runtime-0.21.6.tgz", { "dependencies": { "@module-federation/error-codes": "0.21.6", "@module-federation/runtime-core": "0.21.6", "@module-federation/sdk": "0.21.6" } }, "sha512-+caXwaQqwTNh+CQqyb4mZmXq7iEemRDrTZQGD+zyeH454JAYnJ3s/3oDFizdH6245pk+NiqDyOOkHzzFQorKhQ=="],

    "@module-federation/runtime-core": ["@module-federation/runtime-core@0.21.6", "https://registry.npmmirror.com/@module-federation/runtime-core/-/runtime-core-0.21.6.tgz", { "dependencies": { "@module-federation/error-codes": "0.21.6", "@module-federation/sdk": "0.21.6" } }, "sha512-5Hd1Y5qp5lU/aTiK66lidMlM/4ji2gr3EXAtJdreJzkY+bKcI5+21GRcliZ4RAkICmvdxQU5PHPL71XmNc7Lsw=="],

    "@module-federation/runtime-tools": ["@module-federation/runtime-tools@0.21.6", "https://registry.npmmirror.com/@module-federation/runtime-tools/-/runtime-tools-0.21.6.tgz", { "dependencies": { "@module-federation/runtime": "0.21.6", "@module-federation/webpack-bundler-runtime": "0.21.6" } }, "sha512-fnP+ZOZTFeBGiTAnxve+axGmiYn2D60h86nUISXjXClK3LUY1krUfPgf6MaD4YDJ4i51OGXZWPekeMe16pkd8Q=="],

    "@module-federation/sdk": ["@module-federation/sdk@0.21.6", "https://registry.npmmirror.com/@module-federation/sdk/-/sdk-0.21.6.tgz", {}, "sha512-x6hARETb8iqHVhEsQBysuWpznNZViUh84qV2yE7AD+g7uIzHKiYdoWqj10posbo5XKf/147qgWDzKZoKoEP2dw=="],

    "@module-federation/webpack-bundler-runtime": ["@module-federation/webpack-bundler-runtime@0.21.6", "https://registry.npmmirror.com/@module-federation/webpack-bundler-runtime/-/webpack-bundler-runtime-0.21.6.tgz", { "dependencies": { "@module-federation/runtime": "0.21.6", "@module-federation/sdk": "0.21.6" } }, "sha512-7zIp3LrcWbhGuFDTUMLJ2FJvcwjlddqhWGxi/MW3ur1a+HaO8v5tF2nl+vElKmbG1DFLU/52l3PElVcWf/YcsQ=="],

    "@napi-rs/wasm-runtime": ["@napi-rs/wasm-runtime@1.0.7", "https://registry.npmmirror.com/@napi-rs/wasm-runtime/-/wasm-runtime-1.0.7.tgz", { "dependencies": { "@emnapi/core": "^1.5.0", "@emnapi/runtime": "^1.5.0", "@tybys/wasm-util": "^0.10.1" } }, "sha512-SeDnOO0Tk7Okiq6DbXmmBODgOAb9dp9gjlphokTUxmt8U3liIP1ZsozBahH69j/RJv+Rfs6IwUKHTgQYJ/HBAw=="],

    "@rsbuild/core": ["@rsbuild/core@1.6.14", "https://registry.npmmirror.com/@rsbuild/core/-/core-1.6.14.tgz", { "dependencies": { "@rspack/core": "1.6.7", "@rspack/lite-tapable": "~1.1.0", "@swc/helpers": "^0.5.17", "core-js": "~3.47.0", "jiti": "^2.6.1" }, "bin": { "rsbuild": "bin/rsbuild.js" } }, "sha512-qgzOA8O/HI+NaGDPoIzYL0tK01krJW+8tbCteUVfbLJhKPL7YQZ44WnYNkvqyz3Kw6zklQsY6j9xcdtpVAf3uQ=="],

    "@rsbuild/plugin-svelte": ["@rsbuild/plugin-svelte@1.0.11", "https://registry.npmmirror.com/@rsbuild/plugin-svelte/-/plugin-svelte-1.0.11.tgz", { "dependencies": { "svelte-loader": "3.2.4", "svelte-preprocess": "^6.0.3" }, "peerDependencies": { "@rsbuild/core": "1.x" } }, "sha512-ThmBSTMILWDB+i/P61hgw76UnmFnv7WYYZMjcwqxUXEKM3zobL5jdtEj56wN8yn/xadStM0INjNjHWTf5E7kIQ=="],

    "@rspack/binding": ["@rspack/binding@1.6.7", "https://registry.npmmirror.com/@rspack/binding/-/binding-1.6.7.tgz", { "optionalDependencies": { "@rspack/binding-darwin-arm64": "1.6.7", "@rspack/binding-darwin-x64": "1.6.7", "@rspack/binding-linux-arm64-gnu": "1.6.7", "@rspack/binding-linux-arm64-musl": "1.6.7", "@rspack/binding-linux-x64-gnu": "1.6.7", "@rspack/binding-linux-x64-musl": "1.6.7", "@rspack/binding-wasm32-wasi": "1.6.7", "@rspack/binding-win32-arm64-msvc": "1.6.7", "@rspack/binding-win32-ia32-msvc": "1.6.7", "@rspack/binding-win32-x64-msvc": "1.6.7" } }, "sha512-7ICabuBN3gHc6PPN52+m1kruz3ogiJjg1C0gSWdLRk18m/4jlcM2aAy6wfXjgODJdB0Yh2ro/lIpBbj+AYWUGA=="],

    "@rspack/binding-darwin-arm64": ["@rspack/binding-darwin-arm64@1.6.7", "https://registry.npmmirror.com/@rspack/binding-darwin-arm64/-/binding-darwin-arm64-1.6.7.tgz", { "os": "darwin", "cpu": "arm64" }, "sha512-QiIAP8JTAtht0j8/xZZEQTJRB9e+KrOm9c7JJm73CewVg55rDWRrwopiVfBNlTu1coem1ztUHJYdQhg2uXfqww=="],

    "@rspack/binding-darwin-x64": ["@rspack/binding-darwin-x64@1.6.7", "https://registry.npmmirror.com/@rspack/binding-darwin-x64/-/binding-darwin-x64-1.6.7.tgz", { "os": "darwin", "cpu": "x64" }, "sha512-DpQRxxTXkMMNPmBXeJBaAB8HmWKxH2IfvHv7vU+kBhJ3xdPtXU4/xBv1W3biluoNRG11gc1WLIgjzeGgaLCxmw=="],

    "@rspack/binding-linux-arm64-gnu": ["@rspack/binding-linux-arm64-gnu@1.6.7", "https://registry.npmmirror.com/@rspack/binding-linux-arm64-gnu/-/binding-linux-arm64-gnu-1.6.7.tgz", { "os": "linux", "cpu": "arm64" }, "sha512-211/XoBiooGGgUo/NxNpsrzGUXtH1d7g/4+UTtjYtfc8QHwu7ZMHcsqg0wss53fXzn/yyxd0DZ56vBHq52BiFw=="],

    "@rspack/binding-linux-arm64-musl": ["@rspack/binding-linux-arm64-musl@1.6.7", "https://registry.npmmirror.com/@rspack/binding-linux-arm64-musl/-/binding-linux-arm64-musl-1.6.7.tgz", { "os": "linux", "cpu": "arm64" }, "sha512-0WnqAWz3WPDsXGvOOA++or7cHpoidVsH3FlqNaAfRu6ni6n7ig/s0/jKUB+C5FtXOgmGjAGkZHfFgNHsvZ0FWw=="],

    "@rspack/binding-linux-x64-gnu": ["@rspack/binding-linux-x64-gnu@1.6.7", "https://registry.npmmirror.com/@rspack/binding-linux-x64-gnu/-/binding-linux-x64-gnu-1.6.7.tgz", { "os": "linux", "cpu": "x64" }, "sha512-iMrE0Q4IuYpkE0MjpaOVaUDYbQFiCRI9D3EPoXzlXJj4kJSdNheODpHTBVRlWt8Xp7UAoWuIFXCvKFKcSMm3aQ=="],

    "@rspack/binding-linux-x64-musl": ["@rspack/binding-linux-x64-musl@1.6.7", "https://registry.npmmirror.com/@rspack/binding-linux-x64-musl/-/binding-linux-x64-musl-1.6.7.tgz", { "os": "linux", "cpu": "x64" }, "sha512-e7gKFxpdEQwYGk7lTC/hukTgNtaoAstBXehnZNk4k3kuU6+86WDrkn18Cd949iNqfIPtIG/wIsFNGbkHsH69hQ=="],

    "@rspack/binding-wasm32-wasi": ["@rspack/binding-wasm32-wasi@1.6.7", "https://registry.npmmirror.com/@rspack/binding-wasm32-wasi/-/binding-wasm32-wasi-1.6.7.tgz", { "dependencies": { "@napi-rs/wasm-runtime": "1.0.7" }, "cpu": "none" }, "sha512-yx88EFdE9RP3hh7VhjjW6uc6wGU0KcpOcZp8T8E/a+X8L98fX0aVrtM1IDbndhmdluIMqGbfJNap2+QqOCY9Mw=="],

    "@rspack/binding-win32-arm64-msvc": ["@rspack/binding-win32-arm64-msvc@1.6.7", "https://registry.npmmirror.com/@rspack/binding-win32-arm64-msvc/-/binding-win32-arm64-msvc-1.6.7.tgz", { "os": "win32", "cpu": "arm64" }, "sha512-vgxVYpFK8P5ulSXQQA+EbX78R/SUU+WIf0JIY+LoUoP89gZOsise/lKAJMAybzpeTJ1t0ndLchFznDYnzq+l4Q=="],

    "@rspack/binding-win32-ia32-msvc": ["@rspack/binding-win32-ia32-msvc@1.6.7", "https://registry.npmmirror.com/@rspack/binding-win32-ia32-msvc/-/binding-win32-ia32-msvc-1.6.7.tgz", { "os": "win32", "cpu": "ia32" }, "sha512-bV5RTW0Va0UQKJm9HWLt7fWNBPaBBBxCJOA2pJT3nGGm6CCXKnZSyEiVbFUk4jI/uiwBfqenlLkzaGoMRbeDhA=="],

    "@rspack/binding-win32-x64-msvc": ["@rspack/binding-win32-x64-msvc@1.6.7", "https://registry.npmmirror.com/@rspack/binding-win32-x64-msvc/-/binding-win32-x64-msvc-1.6.7.tgz", { "os": "win32", "cpu": "x64" }, "sha512-8xlbuJQtYktlBjZupOHlO8FeZqSIhsV3ih7xBSiOYar6LI6uQzA7XiO3I5kaPSDirBMMMKv1Z4rKCxWx10a3TQ=="],

    "@rspack/core": ["@rspack/core@1.6.7", "https://registry.npmmirror.com/@rspack/core/-/core-1.6.7.tgz", { "dependencies": { "@module-federation/runtime-tools": "0.21.6", "@rspack/binding": "1.6.7", "@rspack/lite-tapable": "1.1.0" }, "peerDependencies": { "@swc/helpers": ">=0.5.1" }, "optionalPeers": ["@swc/helpers"] }, "sha512-tkd4nSzTf+pDa9OAE4INi/JEa93HNszjWy5C9+trf4ZCXLLHsHxHQFbzoreuz4Vv2PlCWajgvAdiPMV1vGIkuw=="],

    "@rspack/lite-tapable": ["@rspack/lite-tapable@1.1.0", "https://registry.npmmirror.com/@rspack/lite-tapable/-/lite-tapable-1.1.0.tgz", {}, "sha512-E2B0JhYFmVAwdDiG14+DW0Di4Ze4Jg10Pc4/lILUrd5DRCaklduz2OvJ5HYQ6G+hd+WTzqQb3QnDNfK4yvAFYw=="],

    "@sveltejs/acorn-typescript": ["@sveltejs/acorn-typescript@1.0.8", "https://registry.npmmirror.com/@sveltejs/acorn-typescript/-/acorn-typescript-1.0.8.tgz", { "peerDependencies": { "acorn": "^8.9.0" } }, "sha512-esgN+54+q0NjB0Y/4BomT9samII7jGwNy/2a3wNZbT2A2RpmXsXwUt24LvLhx6jUq2gVk4cWEvcRO6MFQbOfNA=="],

    "@swc/helpers": ["@swc/helpers@0.5.17", "https://registry.npmmirror.com/@swc/helpers/-/helpers-0.5.17.tgz", { "dependencies": { "tslib": "^2.8.0" } }, "sha512-5IKx/Y13RsYd+sauPb2x+U/xZikHjolzfuDgTAl/Tdf3Q8rslRvC19NKDLgAJQ6wsqADk10ntlv08nPFw/gO/A=="],

    "@tybys/wasm-util": ["@tybys/wasm-util@0.10.1", "https://registry.npmmirror.com/@tybys/wasm-util/-/wasm-util-0.10.1.tgz", { "dependencies": { "tslib": "^2.4.0" } }, "sha512-9tTaPJLSiejZKx+Bmog4uSubteqTvFrVrURwkmHixBo0G4seD0zUxp98E1DzUBJxLQ3NPwXrGKDiVjwx/DpPsg=="],

    "@types/chrome": ["@types/chrome@0.0.273", "https://registry.npmmirror.com/@types/chrome/-/chrome-0.0.273.tgz", { "dependencies": { "@types/filesystem": "*", "@types/har-format": "*" } }, "sha512-6Wp4GO07GLvti13Rf/RpYG+0COSJDOLE4iq3g1+whn1SNGUVnv6vbXqSa/WFbuVpvN1lcBLiZ40+gSeWmKb+eA=="],

    "@types/estree": ["@types/estree@1.0.8", "https://registry.npmmirror.com/@types/estree/-/estree-1.0.8.tgz", {}, "sha512-dWHzHa2WqEXI/O1E9OjrocMTKJl2mSrEolh1Iomrv6U+JuNwaHXsXx9bLu5gG7BUWFIN0skIQJQ/L1rIex4X6w=="],

    "@types/filesystem": ["@types/filesystem@0.0.36", "https://registry.npmmirror.com/@types/filesystem/-/filesystem-0.0.36.tgz", { "dependencies": { "@types/filewriter": "*" } }, "sha512-vPDXOZuannb9FZdxgHnqSwAG/jvdGM8Wq+6N4D/d80z+D4HWH+bItqsZaVRQykAn6WEVeEkLm2oQigyHtgb0RA=="],

    "@types/filewriter": ["@types/filewriter@0.0.33", "https://registry.npmmirror.com/@types/filewriter/-/filewriter-0.0.33.tgz", {}, "sha512-xFU8ZXTw4gd358lb2jw25nxY9QAgqn2+bKKjKOYfNCzN4DKCFetK7sPtrlpg66Ywe3vWY9FNxprZawAh9wfJ3g=="],

    "@types/har-format": ["@types/har-format@1.2.16", "https://registry.npmmirror.com/@types/har-format/-/har-format-1.2.16.tgz", {}, "sha512-fluxdy7ryD3MV6h8pTfTYpy/xQzCFC7m89nOH9y94cNqJ1mDIDPut7MnRHI3F6qRmh/cT2fUjG1MLdCNb4hE9A=="],

    "@types/marked": ["@types/marked@6.0.0", "https://registry.npmmirror.com/@types/marked/-/marked-6.0.0.tgz", { "dependencies": { "marked": "*" } }, "sha512-jmjpa4BwUsmhxcfsgUit/7A9KbrC48Q0q8KvnY107ogcjGgTFDlIL3RpihNpx2Mu1hM4mdFQjoVc4O6JoGKHsA=="],

    "@types/prop-types": ["@types/prop-types@15.7.15", "https://registry.npmmirror.com/@types/prop-types/-/prop-types-15.7.15.tgz", {}, "sha512-F6bEyamV9jKGAFBEmlQnesRPGOQqS2+Uwi0Em15xenOxHaf2hv6L8YCVn3rPdPJOiJfPiCnLIRyvwVaqMY3MIw=="],

    "@types/react": ["@types/react@18.3.27", "https://registry.npmmirror.com/@types/react/-/react-18.3.27.tgz", { "dependencies": { "@types/prop-types": "*", "csstype": "^3.2.2" } }, "sha512-cisd7gxkzjBKU2GgdYrTdtQx1SORymWyaAFhaxQPK9bYO9ot3Y5OikQRvY0VYQtvwjeQnizCINJAenh/V7MK2w=="],

    "@types/react-dom": ["@types/react-dom@18.3.7", "https://registry.npmmirror.com/@types/react-dom/-/react-dom-18.3.7.tgz", { "peerDependencies": { "@types/react": "^18.0.0" } }, "sha512-MEe3UeoENYVFXzoXEWsvcpg6ZvlrFNlOQ7EOsvhI3CfAXwzPfO8Qwuxd40nepsYKqyyVQnTdEfv68q91yLcKrQ=="],

    "@types/turndown": ["@types/turndown@5.0.6", "https://registry.npmmirror.com/@types/turndown/-/turndown-5.0.6.tgz", {}, "sha512-ru00MoyeeouE5BX4gRL+6m/BsDfbRayOskWqUvh7CLGW+UXxHQItqALa38kKnOiZPqJrtzJUgAC2+F0rL1S4Pg=="],

    "@xmldom/xmldom": ["@xmldom/xmldom@0.8.11", "https://registry.npmmirror.com/@xmldom/xmldom/-/xmldom-0.8.11.tgz", {}, "sha512-cQzWCtO6C8TQiYl1ruKNn2U6Ao4o4WBBcbL61yJl84x+j5sOWWFU9X7DpND8XZG3daDppSsigMdfAIl2upQBRw=="],

    "acorn": ["acorn@8.15.0", "https://registry.npmmirror.com/acorn/-/acorn-8.15.0.tgz", { "bin": { "acorn": "bin/acorn" } }, "sha512-NZyJarBfL7nWwIq+FDL6Zp/yHEhePMNnnJ0y3qfieCrmNvYct8uvtiV41UvlSe6apAfk0fY1FbWx+NwfmpvtTg=="],

    "agent-base": ["agent-base@7.1.4", "https://registry.npmmirror.com/agent-base/-/agent-base-7.1.4.tgz", {}, "sha512-MnA+YT8fwfJPgBx3m60MNqakm30XOkyIoH1y6huTQvC0PwZG7ki8NacLBcrPbNoo8vEZy7Jpuk7+jMO+CUovTQ=="],

    "aria-query": ["aria-query@5.3.2", "https://registry.npmmirror.com/aria-query/-/aria-query-5.3.2.tgz", {}, "sha512-COROpnaoap1E2F000S62r6A60uHZnmlvomhfyT2DlTcrY1OrBKn2UhH7qn5wTC9zMvD0AY7csdPSNwKP+7WiQw=="],

    "asynckit": ["asynckit@0.4.0", "https://registry.npmmirror.com/asynckit/-/asynckit-0.4.0.tgz", {}, "sha512-Oei9OH4tRh0YqU3GxhX79dM/mwVgvbZJaSNaRk+bshkj0S5cfHcgYakreBjrHwatXKbz+IoIdYLxrKim2MjW0Q=="],

    "axobject-query": ["axobject-query@4.1.0", "https://registry.npmmirror.com/axobject-query/-/axobject-query-4.1.0.tgz", {}, "sha512-qIj0G9wZbMGNLjLmg1PT6v2mE9AH2zlnADJD/2tC6E00hgmhUOfEB6greHPAfLRSufHqROIUTkw6E+M3lH0PTQ=="],

    "big.js": ["big.js@5.2.2", "https://registry.npmmirror.com/big.js/-/big.js-5.2.2.tgz", {}, "sha512-vyL2OymJxmarO8gxMr0mhChsO9QGwhynfuu4+MHTAW6czfq9humCB7rKpUjDd9YUiDPU4mzpyupFSvOClAwbmQ=="],

    "call-bind-apply-helpers": ["call-bind-apply-helpers@1.0.2", "https://registry.npmmirror.com/call-bind-apply-helpers/-/call-bind-apply-helpers-1.0.2.tgz", { "dependencies": { "es-errors": "^1.3.0", "function-bind": "^1.1.2" } }, "sha512-Sp1ablJ0ivDkSzjcaJdxEunN5/XvksFJ2sMBFfq6x0ryhQV/2b/KwFe21cMpmHtPOSij8K99/wSfoEuTObmuMQ=="],

    "clsx": ["clsx@2.1.1", "https://registry.npmmirror.com/clsx/-/clsx-2.1.1.tgz", {}, "sha512-eYm0QWBtUrBWZWG0d386OGAw16Z995PiOVo2B7bjWSbHedGl5e0ZWaq65kOGgUSNesEIDkB9ISbTg/JK9dhCZA=="],

    "combined-stream": ["combined-stream@1.0.8", "https://registry.npmmirror.com/combined-stream/-/combined-stream-1.0.8.tgz", { "dependencies": { "delayed-stream": "~1.0.0" } }, "sha512-FQN4MRfuJeHf7cBbBMJFXhKSDq+2kAArBlmRBvcvFE5BB1HZKXtSFASDhdlz9zOYwxh8lDdnvmMOe/+5cdoEdg=="],

    "core-js": ["core-js@3.47.0", "https://registry.npmmirror.com/core-js/-/core-js-3.47.0.tgz", {}, "sha512-c3Q2VVkGAUyupsjRnaNX6u8Dq2vAdzm9iuPj5FW0fRxzlxgq9Q39MDq10IvmQSpLgHQNyQzQmOo6bgGHmH3NNg=="],

    "cssstyle": ["cssstyle@4.6.0", "https://registry.npmmirror.com/cssstyle/-/cssstyle-4.6.0.tgz", { "dependencies": { "@asamuzakjp/css-color": "^3.2.0", "rrweb-cssom": "^0.8.0" } }, "sha512-2z+rWdzbbSZv6/rhtvzvqeZQHrBaqgogqt85sqFNbabZOuFbCVFb8kPeEtZjiKkbrm395irpNKiYeFeLiQnFPg=="],

    "csstype": ["csstype@3.2.3", "https://registry.npmmirror.com/csstype/-/csstype-3.2.3.tgz", {}, "sha512-z1HGKcYy2xA8AGQfwrn0PAy+PB7X/GSj3UVJW9qKyn43xWa+gl5nXmU4qqLMRzWVLFC8KusUX8T/0kCiOYpAIQ=="],

    "data-urls": ["data-urls@5.0.0", "https://registry.npmmirror.com/data-urls/-/data-urls-5.0.0.tgz", { "dependencies": { "whatwg-mimetype": "^4.0.0", "whatwg-url": "^14.0.0" } }, "sha512-ZYP5VBHshaDAiVZxjbRVcFJpc+4xGgT0bK3vzy1HLN8jTO975HEbuYzZJcHoQEY5K1a0z8YayJkyVETa08eNTg=="],

    "debug": ["debug@4.4.3", "https://registry.npmmirror.com/debug/-/debug-4.4.3.tgz", { "dependencies": { "ms": "^2.1.3" } }, "sha512-RGwwWnwQvkVfavKVt22FGLw+xYSdzARwm0ru6DhTVA3umU5hZc28V3kO4stgYryrTlLpuvgI9GiijltAjNbcqA=="],

    "decimal.js": ["decimal.js@10.6.0", "https://registry.npmmirror.com/decimal.js/-/decimal.js-10.6.0.tgz", {}, "sha512-YpgQiITW3JXGntzdUmyUR1V812Hn8T1YVXhCu+wO3OpS4eU9l4YdD3qjyiKdV6mvV29zapkMeD390UVEf2lkUg=="],

    "defuddle": ["defuddle@0.6.6", "https://registry.npmmirror.com/defuddle/-/defuddle-0.6.6.tgz", { "optionalDependencies": { "mathml-to-latex": "^1.4.3", "temml": "^0.11.2", "turndown": "^7.2.0" }, "peerDependencies": { "jsdom": "^24.0.0" } }, "sha512-cexePkdZCwg8g1DHCV3xfE6DGTBeldtJct4/fOumYE/kx+sgoDg8yxjCxlC/Pss0v11G5CUFSUmf7fGJg249AA=="],

    "delayed-stream": ["delayed-stream@1.0.0", "https://registry.npmmirror.com/delayed-stream/-/delayed-stream-1.0.0.tgz", {}, "sha512-ZySD7Nf91aLB0RxL4KGrKHBXl7Eds1DAmEdcoVawXnLD7SDhpNgtuII2aAkg7a7QS41jxPSZ17p4VdGnMHk3MQ=="],

    "dequal": ["dequal@2.0.3", "https://registry.npmmirror.com/dequal/-/dequal-2.0.3.tgz", {}, "sha512-0je+qPKHEMohvfRTCEo3CrPG6cAzAYgmzKyxRiYSSDkS6eGJdyVJm7WaYA5ECaAD9wLB2T4EEeymA5aFVcYXCA=="],

    "devalue": ["devalue@5.6.1", "https://registry.npmmirror.com/devalue/-/devalue-5.6.1.tgz", {}, "sha512-jDwizj+IlEZBunHcOuuFVBnIMPAEHvTsJj0BcIp94xYguLRVBcXO853px/MyIJvbVzWdsGvrRweIUWJw8hBP7A=="],

    "dunder-proto": ["dunder-proto@1.0.1", "https://registry.npmmirror.com/dunder-proto/-/dunder-proto-1.0.1.tgz", { "dependencies": { "call-bind-apply-helpers": "^1.0.1", "es-errors": "^1.3.0", "gopd": "^1.2.0" } }, "sha512-KIN/nDJBQRcXw0MLVhZE9iQHmG68qAVIBg9CqmUYjmQIhgij9U5MFvrqkUL5FbtyyzZuOeOt0zdeRe4UY7ct+A=="],

    "emojis-list": ["emojis-list@3.0.0", "https://registry.npmmirror.com/emojis-list/-/emojis-list-3.0.0.tgz", {}, "sha512-/kyM18EfinwXZbno9FyUGeFh87KC8HRQBQGildHZbEuRyWFOmv1U10o9BBp8XVZDVNNuQKyIGIu5ZYAAXJ0V2Q=="],

    "entities": ["entities@6.0.1", "https://registry.npmmirror.com/entities/-/entities-6.0.1.tgz", {}, "sha512-aN97NXWF6AWBTahfVOIrB/NShkzi5H7F9r1s9mD3cDj4Ko5f2qhhVoYMibXF7GlLveb/D2ioWay8lxI97Ven3g=="],

    "es-define-property": ["es-define-property@1.0.1", "https://registry.npmmirror.com/es-define-property/-/es-define-property-1.0.1.tgz", {}, "sha512-e3nRfgfUZ4rNGL232gUgX06QNyyez04KdjFrF+LTRoOXmrOgFKDg4BCdsjW8EnT69eqdYGmRpJwiPVYNrCaW3g=="],

    "es-errors": ["es-errors@1.3.0", "https://registry.npmmirror.com/es-errors/-/es-errors-1.3.0.tgz", {}, "sha512-Zf5H2Kxt2xjTvbJvP2ZWLEICxA6j+hAmMzIlypy4xcBg1vKVnx89Wy0GbS+kf5cwCVFFzdCFh2XSCFNULS6csw=="],

    "es-object-atoms": ["es-object-atoms@1.1.1", "https://registry.npmmirror.com/es-object-atoms/-/es-object-atoms-1.1.1.tgz", { "dependencies": { "es-errors": "^1.3.0" } }, "sha512-FGgH2h8zKNim9ljj7dankFPcICIK9Cp5bm+c2gQSYePhpaG5+esrLODihIorn+Pe6FGJzWhXQotPv73jTaldXA=="],

    "es-set-tostringtag": ["es-set-tostringtag@2.1.0", "https://registry.npmmirror.com/es-set-tostringtag/-/es-set-tostringtag-2.1.0.tgz", { "dependencies": { "es-errors": "^1.3.0", "get-intrinsic": "^1.2.6", "has-tostringtag": "^1.0.2", "hasown": "^2.0.2" } }, "sha512-j6vWzfrGVfyXxge+O0x5sh6cvxAog0a/4Rdd2K36zCMV5eJ+/+tOAngRO8cODMNWbVRdVlmGZQL2YS3yR8bIUA=="],

    "esm-env": ["esm-env@1.2.2", "https://registry.npmmirror.com/esm-env/-/esm-env-1.2.2.tgz", {}, "sha512-Epxrv+Nr/CaL4ZcFGPJIYLWFom+YeV1DqMLHJoEd9SYRxNbaFruBwfEX/kkHUJf55j2+TUbmDcmuilbP1TmXHA=="],

    "esrap": ["esrap@2.2.1", "https://registry.npmmirror.com/esrap/-/esrap-2.2.1.tgz", { "dependencies": { "@jridgewell/sourcemap-codec": "^1.4.15" } }, "sha512-GiYWG34AN/4CUyaWAgunGt0Rxvr1PTMlGC0vvEov/uOQYWne2bpN03Um+k8jT+q3op33mKouP2zeJ6OlM+qeUg=="],

    "form-data": ["form-data@4.0.5", "https://registry.npmmirror.com/form-data/-/form-data-4.0.5.tgz", { "dependencies": { "asynckit": "^0.4.0", "combined-stream": "^1.0.8", "es-set-tostringtag": "^2.1.0", "hasown": "^2.0.2", "mime-types": "^2.1.12" } }, "sha512-8RipRLol37bNs2bhoV67fiTEvdTrbMUYcFTiy3+wuuOnUog2QBHCZWXDRijWQfAkhBj2Uf5UnVaiWwA5vdd82w=="],

    "function-bind": ["function-bind@1.1.2", "https://registry.npmmirror.com/function-bind/-/function-bind-1.1.2.tgz", {}, "sha512-7XHNxH7qX9xG5mIwxkhumTox/MIRNcOgDrxWsMt2pAr23WHp6MrRlN7FBSFpCpr+oVO0F744iUgR82nJMfG2SA=="],

    "get-intrinsic": ["get-intrinsic@1.3.0", "https://registry.npmmirror.com/get-intrinsic/-/get-intrinsic-1.3.0.tgz", { "dependencies": { "call-bind-apply-helpers": "^1.0.2", "es-define-property": "^1.0.1", "es-errors": "^1.3.0", "es-object-atoms": "^1.1.1", "function-bind": "^1.1.2", "get-proto": "^1.0.1", "gopd": "^1.2.0", "has-symbols": "^1.1.0", "hasown": "^2.0.2", "math-intrinsics": "^1.1.0" } }, "sha512-9fSjSaos/fRIVIp+xSJlE6lfwhES7LNtKaCBIamHsjr2na1BiABJPo0mOjjz8GJDURarmCPGqaiVg5mfjb98CQ=="],

    "get-proto": ["get-proto@1.0.1", "https://registry.npmmirror.com/get-proto/-/get-proto-1.0.1.tgz", { "dependencies": { "dunder-proto": "^1.0.1", "es-object-atoms": "^1.0.0" } }, "sha512-sTSfBjoXBp89JvIKIefqw7U2CCebsc74kiY6awiGogKtoSGbgjYE/G/+l9sF3MWFPNc9IcoOC4ODfKHfxFmp0g=="],

    "gopd": ["gopd@1.2.0", "https://registry.npmmirror.com/gopd/-/gopd-1.2.0.tgz", {}, "sha512-ZUKRh6/kUFoAiTAtTYPZJ3hw9wNxx+BIBOijnlG9PnrJsCcSjs1wyyD6vJpaYtgnzDrKYRSqf3OO6Rfa93xsRg=="],

    "has-symbols": ["has-symbols@1.1.0", "https://registry.npmmirror.com/has-symbols/-/has-symbols-1.1.0.tgz", {}, "sha512-1cDNdwJ2Jaohmb3sg4OmKaMBwuC48sYni5HUw2DvsC8LjGTLK9h+eb1X6RyuOHe4hT0ULCW68iomhjUoKUqlPQ=="],

    "has-tostringtag": ["has-tostringtag@1.0.2", "https://registry.npmmirror.com/has-tostringtag/-/has-tostringtag-1.0.2.tgz", { "dependencies": { "has-symbols": "^1.0.3" } }, "sha512-NqADB8VjPFLM2V0VvHUewwwsw0ZWBaIdgo+ieHtK3hasLz4qeCRjYcqfB6AQrBggRKppKF8L52/VqdVsO47Dlw=="],

    "hasown": ["hasown@2.0.2", "https://registry.npmmirror.com/hasown/-/hasown-2.0.2.tgz", { "dependencies": { "function-bind": "^1.1.2" } }, "sha512-0hJU9SCPvmMzIBdZFqNPXWa6dqh7WdH0cII9y+CyS8rG3nL48Bclra9HmKhVVUHyPWNH5Y7xDwAB7bfgSjkUMQ=="],

    "html-encoding-sniffer": ["html-encoding-sniffer@4.0.0", "https://registry.npmmirror.com/html-encoding-sniffer/-/html-encoding-sniffer-4.0.0.tgz", { "dependencies": { "whatwg-encoding": "^3.1.1" } }, "sha512-Y22oTqIU4uuPgEemfz7NDJz6OeKf12Lsu+QC+s3BVpda64lTiMYCyGwg5ki4vFxkMwQdeZDl2adZoqUgdFuTgQ=="],

    "http-proxy-agent": ["http-proxy-agent@7.0.2", "https://registry.npmmirror.com/http-proxy-agent/-/http-proxy-agent-7.0.2.tgz", { "dependencies": { "agent-base": "^7.1.0", "debug": "^4.3.4" } }, "sha512-T1gkAiYYDWYx3V5Bmyu7HcfcvL7mUrTWiM6yOfa3PIphViJ/gFPbvidQ+veqSOHci/PxBcDabeUNCzpOODJZig=="],

    "https-proxy-agent": ["https-proxy-agent@7.0.6", "https://registry.npmmirror.com/https-proxy-agent/-/https-proxy-agent-7.0.6.tgz", { "dependencies": { "agent-base": "^7.1.2", "debug": "4" } }, "sha512-vK9P5/iUfdl95AI+JVyUuIcVtd4ofvtrOr3HNtM2yxC9bnMbEdp3x01OhQNnjb8IJYi38VlTE3mBXwcfvywuSw=="],

    "iconv-lite": ["iconv-lite@0.6.3", "https://registry.npmmirror.com/iconv-lite/-/iconv-lite-0.6.3.tgz", { "dependencies": { "safer-buffer": ">= 2.1.2 < 3.0.0" } }, "sha512-4fCk79wshMdzMp2rH06qWrJE4iolqLhCUH+OiuIgU++RB0+94NlDL81atO7GX55uUKueo0txHNtvEyI6D7WdMw=="],

    "is-potential-custom-element-name": ["is-potential-custom-element-name@1.0.1", "https://registry.npmmirror.com/is-potential-custom-element-name/-/is-potential-custom-element-name-1.0.1.tgz", {}, "sha512-bCYeRA2rVibKZd+s2625gGnGF/t7DSqDs4dP7CrLA1m7jKWz6pps0LpYLJN8Q64HtmPKJ1hrN3nzPNKFEKOUiQ=="],

    "is-reference": ["is-reference@3.0.3", "https://registry.npmmirror.com/is-reference/-/is-reference-3.0.3.tgz", { "dependencies": { "@types/estree": "^1.0.6" } }, "sha512-ixkJoqQvAP88E6wLydLGGqCJsrFUnqoH6HnaczB8XmDH1oaWU+xxdptvikTgaEhtZ53Ky6YXiBuUI2WXLMCwjw=="],

    "jiti": ["jiti@2.6.1", "https://registry.npmmirror.com/jiti/-/jiti-2.6.1.tgz", { "bin": { "jiti": "lib/jiti-cli.mjs" } }, "sha512-ekilCSN1jwRvIbgeg/57YFh8qQDNbwDb9xT/qu2DAHbFFZUicIl4ygVaAvzveMhMVr3LnpSKTNnwt8PoOfmKhQ=="],

    "js-tokens": ["js-tokens@4.0.0", "https://registry.npmmirror.com/js-tokens/-/js-tokens-4.0.0.tgz", {}, "sha512-RdJUflcE3cUzKiMqQgsCu06FPu9UdIJO0beYbPhHN4k6apgJtifcoCtT9bcxOpYBtpD2kCM6Sbzg4CausW/PKQ=="],

    "jsdom": ["jsdom@24.1.3", "https://registry.npmmirror.com/jsdom/-/jsdom-24.1.3.tgz", { "dependencies": { "cssstyle": "^4.0.1", "data-urls": "^5.0.0", "decimal.js": "^10.4.3", "form-data": "^4.0.0", "html-encoding-sniffer": "^4.0.0", "http-proxy-agent": "^7.0.2", "https-proxy-agent": "^7.0.5", "is-potential-custom-element-name": "^1.0.1", "nwsapi": "^2.2.12", "parse5": "^7.1.2", "rrweb-cssom": "^0.7.1", "saxes": "^6.0.0", "symbol-tree": "^3.2.4", "tough-cookie": "^4.1.4", "w3c-xmlserializer": "^5.0.0", "webidl-conversions": "^7.0.0", "whatwg-encoding": "^3.1.1", "whatwg-mimetype": "^4.0.0", "whatwg-url": "^14.0.0", "ws": "^8.18.0", "xml-name-validator": "^5.0.0" }, "peerDependencies": { "canvas": "^2.11.2" }, "optionalPeers": ["canvas"] }, "sha512-MyL55p3Ut3cXbeBEG7Hcv0mVM8pp8PBNWxRqchZnSfAiES1v1mRnMeFfaHWIPULpwsYfvO+ZmMZz5tGCnjzDUQ=="],

    "json5": ["json5@2.2.3", "https://registry.npmmirror.com/json5/-/json5-2.2.3.tgz", { "bin": { "json5": "lib/cli.js" } }, "sha512-XmOWe7eyHYH14cLdVPoyg+GOH3rYX++KpzrylJwSW98t3Nk+U8XOl8FWKOgwtzdb8lXGf6zYwDUzeHMWfxasyg=="],

    "loader-utils": ["loader-utils@2.0.4", "https://registry.npmmirror.com/loader-utils/-/loader-utils-2.0.4.tgz", { "dependencies": { "big.js": "^5.2.2", "emojis-list": "^3.0.0", "json5": "^2.1.2" } }, "sha512-xXqpXoINfFhgua9xiqD8fPFHgkoq1mmmpE92WlDbm9rNRd/EbRb+Gqf908T2DMfuHjjJlksiK2RbHVOdD/MqSw=="],

    "locate-character": ["locate-character@3.0.0", "https://registry.npmmirror.com/locate-character/-/locate-character-3.0.0.tgz", {}, "sha512-SW13ws7BjaeJ6p7Q6CO2nchbYEc3X3J6WrmTTDto7yMPqVSZTUyY5Tjbid+Ab8gLnATtygYtiDIJGQRRn2ZOiA=="],

    "loose-envify": ["loose-envify@1.4.0", "https://registry.npmmirror.com/loose-envify/-/loose-envify-1.4.0.tgz", { "dependencies": { "js-tokens": "^3.0.0 || ^4.0.0" }, "bin": { "loose-envify": "cli.js" } }, "sha512-lyuxPGr/Wfhrlem2CL/UcnUc1zcqKAImBDzukY7Y5F/yQiNdko6+fRLevlw1HgMySw7f611UIY408EtxRSoK3Q=="],

    "lru-cache": ["lru-cache@10.4.3", "https://registry.npmmirror.com/lru-cache/-/lru-cache-10.4.3.tgz", {}, "sha512-JNAzZcXrCt42VGLuYz0zfAzDfAvJWW6AfYlDBQyDV5DClI2m5sAmK+OIO7s59XfsRsWHp02jAJrRadPRGTt6SQ=="],

    "magic-string": ["magic-string@0.30.21", "https://registry.npmmirror.com/magic-string/-/magic-string-0.30.21.tgz", { "dependencies": { "@jridgewell/sourcemap-codec": "^1.5.5" } }, "sha512-vd2F4YUyEXKGcLHoq+TEyCjxueSeHnFxyyjNp80yg0XV4vUhnDer/lvvlqM/arB5bXQN5K2/3oinyCRyx8T2CQ=="],

    "marked": ["marked@17.0.1", "https://registry.npmmirror.com/marked/-/marked-17.0.1.tgz", { "bin": { "marked": "bin/marked.js" } }, "sha512-boeBdiS0ghpWcSwoNm/jJBwdpFaMnZWRzjA6SkUMYb40SVaN1x7mmfGKp0jvexGcx+7y2La5zRZsYFZI6Qpypg=="],

    "math-intrinsics": ["math-intrinsics@1.1.0", "https://registry.npmmirror.com/math-intrinsics/-/math-intrinsics-1.1.0.tgz", {}, "sha512-/IXtbwEk5HTPyEwyKX6hGkYXxM9nbj64B+ilVJnC/R6B0pH5G4V3b0pVbL7DBj4tkhBAppbQUlf6F6Xl9LHu1g=="],

    "mathml-to-latex": ["mathml-to-latex@1.5.0", "https://registry.npmmirror.com/mathml-to-latex/-/mathml-to-latex-1.5.0.tgz", { "dependencies": { "@xmldom/xmldom": "^0.8.10" } }, "sha512-rrWn0eEvcEcdMM4xfHcSGIy+i01DX9byOdXTLWg+w1iJ6O6ohP5UXY1dVzNUZLhzfl3EGcRekWLhY7JT5Omaew=="],

    "mime-db": ["mime-db@1.52.0", "https://registry.npmmirror.com/mime-db/-/mime-db-1.52.0.tgz", {}, "sha512-sPU4uV7dYlvtWJxwwxHD0PuihVNiE7TyAbQ5SWxDCB9mUYvOgroQOwYQQOKPJ8CIbE+1ETVlOoK1UC2nU3gYvg=="],

    "mime-types": ["mime-types@2.1.35", "https://registry.npmmirror.com/mime-types/-/mime-types-2.1.35.tgz", { "dependencies": { "mime-db": "1.52.0" } }, "sha512-ZDY+bPm5zTTF+YpCrAU9nK0UgICYPT0QtT1NZWFv4s++TNkcgVaT0g6+4R2uI4MjQjzysHB1zxuWL50hzaeXiw=="],

    "ms": ["ms@2.1.3", "https://registry.npmmirror.com/ms/-/ms-2.1.3.tgz", {}, "sha512-6FlzubTLZG3J2a/NVCAleEhjzq5oxgHyaCU9yYXvcLsvoVaHJq/s5xXI6/XXP6tz7R9xAOtHnSO/tXtF3WRTlA=="],

    "nwsapi": ["nwsapi@2.2.23", "https://registry.npmmirror.com/nwsapi/-/nwsapi-2.2.23.tgz", {}, "sha512-7wfH4sLbt4M0gCDzGE6vzQBo0bfTKjU7Sfpqy/7gs1qBfYz2vEJH6vXcBKpO3+6Yu1telwd0t9HpyOoLEQQbIQ=="],

    "parse5": ["parse5@7.3.0", "https://registry.npmmirror.com/parse5/-/parse5-7.3.0.tgz", { "dependencies": { "entities": "^6.0.0" } }, "sha512-IInvU7fabl34qmi9gY8XOVxhYyMyuH2xUNpb2q8/Y+7552KlejkRvqvD19nMoUW/uQGGbqNpA6Tufu5FL5BZgw=="],

    "psl": ["psl@1.15.0", "https://registry.npmmirror.com/psl/-/psl-1.15.0.tgz", { "dependencies": { "punycode": "^2.3.1" } }, "sha512-JZd3gMVBAVQkSs6HdNZo9Sdo0LNcQeMNP3CozBJb3JYC/QUYZTnKxP+f8oWRX4rHP5EurWxqAHTSwUCjlNKa1w=="],

    "punycode": ["punycode@2.3.1", "https://registry.npmmirror.com/punycode/-/punycode-2.3.1.tgz", {}, "sha512-vYt7UD1U9Wg6138shLtLOvdAu+8DsC/ilFtEVHcH+wydcSpNE20AfSOduf6MkRFahL5FY7X1oU7nKVZFtfq8Fg=="],

    "querystringify": ["querystringify@2.2.0", "https://registry.npmmirror.com/querystringify/-/querystringify-2.2.0.tgz", {}, "sha512-FIqgj2EUvTa7R50u0rGsyTftzjYmv/a3hO345bZNrqabNqjtgiDMgmo4mkUjd+nzU5oF3dClKqFIPUKybUyqoQ=="],

    "react": ["react@18.3.1", "https://registry.npmmirror.com/react/-/react-18.3.1.tgz", { "dependencies": { "loose-envify": "^1.1.0" } }, "sha512-wS+hAgJShR0KhEvPJArfuPVN1+Hz1t0Y6n5jLrGQbkb4urgPE/0Rve+1kMB1v/oWgHgm4WIcV+i7F2pTVj+2iQ=="],

    "react-dom": ["react-dom@18.3.1", "https://registry.npmmirror.com/react-dom/-/react-dom-18.3.1.tgz", { "dependencies": { "loose-envify": "^1.1.0", "scheduler": "^0.23.2" }, "peerDependencies": { "react": "^18.3.1" } }, "sha512-5m4nQKp+rZRb09LNH59GM4BxTh9251/ylbKIbpe7TpGxfJ+9kv6BLkLBXIjjspbgbnIBNqlI23tRnTWT0snUIw=="],

    "requires-port": ["requires-port@1.0.0", "https://registry.npmmirror.com/requires-port/-/requires-port-1.0.0.tgz", {}, "sha512-KigOCHcocU3XODJxsu8i/j8T9tzT4adHiecwORRQ0ZZFcp7ahwXuRU1m+yuO90C5ZUyGeGfocHDI14M3L3yDAQ=="],

    "rrweb-cssom": ["rrweb-cssom@0.7.1", "https://registry.npmmirror.com/rrweb-cssom/-/rrweb-cssom-0.7.1.tgz", {}, "sha512-TrEMa7JGdVm0UThDJSx7ddw5nVm3UJS9o9CCIZ72B1vSyEZoziDqBYP3XIoi/12lKrJR8rE3jeFHMok2F/Mnsg=="],

    "safer-buffer": ["safer-buffer@2.1.2", "https://registry.npmmirror.com/safer-buffer/-/safer-buffer-2.1.2.tgz", {}, "sha512-YZo3K82SD7Riyi0E1EQPojLz7kpepnSQI9IyPbHHg1XXXevb5dJI7tpyN2ADxGcQbHG7vcyRHk0cbwqcQriUtg=="],

    "saxes": ["saxes@6.0.0", "https://registry.npmmirror.com/saxes/-/saxes-6.0.0.tgz", { "dependencies": { "xmlchars": "^2.2.0" } }, "sha512-xAg7SOnEhrm5zI3puOOKyy1OMcMlIJZYNJY7xLBwSze0UjhPLnWfj2GF2EpT0jmzaJKIWKHLsaSSajf35bcYnA=="],

    "scheduler": ["scheduler@0.23.2", "https://registry.npmmirror.com/scheduler/-/scheduler-0.23.2.tgz", { "dependencies": { "loose-envify": "^1.1.0" } }, "sha512-UOShsPwz7NrMUqhR6t0hWjFduvOzbtv7toDH1/hIrfRNIDBnnBWd0CwJTGvTpngVlmwGCdP9/Zl/tVrDqcuYzQ=="],

    "svelte": ["svelte@5.46.0", "https://registry.npmmirror.com/svelte/-/svelte-5.46.0.tgz", { "dependencies": { "@jridgewell/remapping": "^2.3.4", "@jridgewell/sourcemap-codec": "^1.5.0", "@sveltejs/acorn-typescript": "^1.0.5", "@types/estree": "^1.0.5", "acorn": "^8.12.1", "aria-query": "^5.3.1", "axobject-query": "^4.1.0", "clsx": "^2.1.1", "devalue": "^5.5.0", "esm-env": "^1.2.1", "esrap": "^2.2.1", "is-reference": "^3.0.3", "locate-character": "^3.0.0", "magic-string": "^0.30.11", "zimmerframe": "^1.1.2" } }, "sha512-ZhLtvroYxUxr+HQJfMZEDRsGsmU46x12RvAv/zi9584f5KOX7bUrEbhPJ7cKFmUvZTJXi/CFZUYwDC6M1FigPw=="],

    "svelte-dev-helper": ["svelte-dev-helper@1.1.9", "https://registry.npmmirror.com/svelte-dev-helper/-/svelte-dev-helper-1.1.9.tgz", {}, "sha512-oU+Xv7Dl4kRU2kdFjsoPLfJfnt5hUhsFUZtuzI3Ku/f2iAFZqBoEuXOqK3N9ngD4dxQOmN4OKWPHVi3NeAeAfQ=="],

    "svelte-hmr": ["svelte-hmr@0.14.12", "https://registry.npmmirror.com/svelte-hmr/-/svelte-hmr-0.14.12.tgz", { "peerDependencies": { "svelte": ">=3.19.0" } }, "sha512-4QSW/VvXuqVcFZ+RhxiR8/newmwOCTlbYIezvkeN6302YFRE8cXy0naamHcjz8Y9Ce3ITTZtrHrIL0AGfyo61w=="],

    "svelte-loader": ["svelte-loader@3.2.4", "https://registry.npmmirror.com/svelte-loader/-/svelte-loader-3.2.4.tgz", { "dependencies": { "loader-utils": "^2.0.4", "svelte-dev-helper": "^1.1.9", "svelte-hmr": "^0.14.2" }, "peerDependencies": { "svelte": "^3.0.0 || ^4.0.0-next.0 || ^5.0.0-next.1" } }, "sha512-e0HdDnkYH/MDx4/IfTSka5AOFg9yYJcPuoZJB5x0l60fkHjVjNvrrxr+rJegDG9J7ZymmdHt00/hdLw+QF299w=="],

    "svelte-preprocess": ["svelte-preprocess@6.0.3", "https://registry.npmmirror.com/svelte-preprocess/-/svelte-preprocess-6.0.3.tgz", { "peerDependencies": { "@babel/core": "^7.10.2", "coffeescript": "^2.5.1", "less": "^3.11.3 || ^4.0.0", "postcss": "^7 || ^8", "postcss-load-config": ">=3", "pug": "^3.0.0", "sass": "^1.26.8", "stylus": ">=0.55", "sugarss": "^2.0.0 || ^3.0.0 || ^4.0.0", "svelte": "^4.0.0 || ^5.0.0-next.100 || ^5.0.0", "typescript": "^5.0.0" }, "optionalPeers": ["@babel/core", "coffeescript", "less", "postcss", "postcss-load-config", "pug", "sass", "stylus", "sugarss", "typescript"] }, "sha512-PLG2k05qHdhmRG7zR/dyo5qKvakhm8IJ+hD2eFRQmMLHp7X3eJnjeupUtvuRpbNiF31RjVw45W+abDwHEmP5OA=="],

    "swr": ["swr@2.3.7", "https://registry.npmmirror.com/swr/-/swr-2.3.7.tgz", { "dependencies": { "dequal": "^2.0.3", "use-sync-external-store": "^1.4.0" }, "peerDependencies": { "react": "^16.11.0 || ^17.0.0 || ^18.0.0 || ^19.0.0" } }, "sha512-ZEquQ82QvalqTxhBVv/DlAg2mbmUjF4UgpPg9wwk4ufb9rQnZXh1iKyyKBqV6bQGu1Ie7L1QwSYO07qFIa1p+g=="],

    "symbol-tree": ["symbol-tree@3.2.4", "https://registry.npmmirror.com/symbol-tree/-/symbol-tree-3.2.4.tgz", {}, "sha512-9QNk5KwDF+Bvz+PyObkmSYjI5ksVUYtjW7AU22r2NKcfLJcXp96hkDWU3+XndOsUb+AQ9QhfzfCT2O+CNWT5Tw=="],

    "temml": ["temml@0.11.11", "https://registry.npmmirror.com/temml/-/temml-0.11.11.tgz", {}, "sha512-Z/Ihgwad+ges0ez6+KmKWZ3o4BYbP6aZ/cU94cVtN+DwxwqxjHgcF4Z6cb9jLkKN+aU7uni165HsIxLHs5/TqA=="],

    "tough-cookie": ["tough-cookie@4.1.4", "https://registry.npmmirror.com/tough-cookie/-/tough-cookie-4.1.4.tgz", { "dependencies": { "psl": "^1.1.33", "punycode": "^2.1.1", "universalify": "^0.2.0", "url-parse": "^1.5.3" } }, "sha512-Loo5UUvLD9ScZ6jh8beX1T6sO1w2/MpCRpEP7V280GKMVUQ0Jzar2U3UJPsrdbziLEMMhu3Ujnq//rhiFuIeag=="],

    "tr46": ["tr46@5.1.1", "https://registry.npmmirror.com/tr46/-/tr46-5.1.1.tgz", { "dependencies": { "punycode": "^2.3.1" } }, "sha512-hdF5ZgjTqgAntKkklYw0R03MG2x/bSzTtkxmIRw/sTNV8YXsCJ1tfLAX23lhxhHJlEf3CRCOCGGWw3vI3GaSPw=="],

    "tslib": ["tslib@2.8.1", "https://registry.npmmirror.com/tslib/-/tslib-2.8.1.tgz", {}, "sha512-oJFu94HQb+KVduSUQL7wnpmqnfmLsOA/nAh6b6EH0wCEoK0/mPeXU6c3wKDV83MkOuHPRHtSXKKU99IBazS/2w=="],

    "turndown": ["turndown@7.2.2", "https://registry.npmmirror.com/turndown/-/turndown-7.2.2.tgz", { "dependencies": { "@mixmark-io/domino": "^2.2.0" } }, "sha512-1F7db8BiExOKxjSMU2b7if62D/XOyQyZbPKq/nUwopfgnHlqXHqQ0lvfUTeUIr1lZJzOPFn43dODyMSIfvWRKQ=="],

    "typescript": ["typescript@5.9.3", "https://registry.npmmirror.com/typescript/-/typescript-5.9.3.tgz", { "bin": { "tsc": "bin/tsc", "tsserver": "bin/tsserver" } }, "sha512-jl1vZzPDinLr9eUt3J/t7V6FgNEw9QjvBPdysz9KfQDD41fQrC2Y4vKQdiaUpFT4bXlb1RHhLpp8wtm6M5TgSw=="],

    "universalify": ["universalify@0.2.0", "https://registry.npmmirror.com/universalify/-/universalify-0.2.0.tgz", {}, "sha512-CJ1QgKmNg3CwvAv/kOFmtnEN05f0D/cn9QntgNOQlQF9dgvVTHj3t+8JPdjqawCHk7V/KA+fbUqzZ9XWhcqPUg=="],

    "url-parse": ["url-parse@1.5.10", "https://registry.npmmirror.com/url-parse/-/url-parse-1.5.10.tgz", { "dependencies": { "querystringify": "^2.1.1", "requires-port": "^1.0.0" } }, "sha512-WypcfiRhfeUP9vvF0j6rw0J3hrWrw6iZv3+22h6iRMJ/8z1Tj6XfLP4DsUix5MhMPnXpiHDoKyoZ/bdCkwBCiQ=="],

    "use-sync-external-store": ["use-sync-external-store@1.6.0", "https://registry.npmmirror.com/use-sync-external-store/-/use-sync-external-store-1.6.0.tgz", { "peerDependencies": { "react": "^16.8.0 || ^17.0.0 || ^18.0.0 || ^19.0.0" } }, "sha512-Pp6GSwGP/NrPIrxVFAIkOQeyw8lFenOHijQWkUTrDvrF4ALqylP2C/KCkeS9dpUM3KvYRQhna5vt7IL95+ZQ9w=="],

    "w3c-xmlserializer": ["w3c-xmlserializer@5.0.0", "https://registry.npmmirror.com/w3c-xmlserializer/-/w3c-xmlserializer-5.0.0.tgz", { "dependencies": { "xml-name-validator": "^5.0.0" } }, "sha512-o8qghlI8NZHU1lLPrpi2+Uq7abh4GGPpYANlalzWxyWteJOCsr/P+oPBA49TOLu5FTZO4d3F9MnWJfiMo4BkmA=="],

    "webidl-conversions": ["webidl-conversions@7.0.0", "https://registry.npmmirror.com/webidl-conversions/-/webidl-conversions-7.0.0.tgz", {}, "sha512-VwddBukDzu71offAQR975unBIGqfKZpM+8ZX6ySk8nYhVoo5CYaZyzt3YBvYtRtO+aoGlqxPg/B87NGVZ/fu6g=="],

    "whatwg-encoding": ["whatwg-encoding@3.1.1", "https://registry.npmmirror.com/whatwg-encoding/-/whatwg-encoding-3.1.1.tgz", { "dependencies": { "iconv-lite": "0.6.3" } }, "sha512-6qN4hJdMwfYBtE3YBTTHhoeuUrDBPZmbQaxWAqSALV/MeEnR5z1xd8UKud2RAkFoPkmB+hli1TZSnyi84xz1vQ=="],

    "whatwg-mimetype": ["whatwg-mimetype@4.0.0", "https://registry.npmmirror.com/whatwg-mimetype/-/whatwg-mimetype-4.0.0.tgz", {}, "sha512-QaKxh0eNIi2mE9p2vEdzfagOKHCcj1pJ56EEHGQOVxp8r9/iszLUUV7v89x9O1p/T+NlTM5W7jW6+cz4Fq1YVg=="],

    "whatwg-url": ["whatwg-url@14.2.0", "https://registry.npmmirror.com/whatwg-url/-/whatwg-url-14.2.0.tgz", { "dependencies": { "tr46": "^5.1.0", "webidl-conversions": "^7.0.0" } }, "sha512-De72GdQZzNTUBBChsXueQUnPKDkg/5A5zp7pFDuQAj5UFoENpiACU0wlCvzpAGnTkj++ihpKwKyYewn/XNUbKw=="],

    "ws": ["ws@8.18.3", "https://registry.npmmirror.com/ws/-/ws-8.18.3.tgz", { "peerDependencies": { "bufferutil": "^4.0.1", "utf-8-validate": ">=5.0.2" }, "optionalPeers": ["bufferutil", "utf-8-validate"] }, "sha512-PEIGCY5tSlUt50cqyMXfCzX+oOPqN0vuGqWzbcJ2xvnkzkq46oOpz7dQaTDBdfICb4N14+GARUDw2XV2N4tvzg=="],

    "xml-name-validator": ["xml-name-validator@5.0.0", "https://registry.npmmirror.com/xml-name-validator/-/xml-name-validator-5.0.0.tgz", {}, "sha512-EvGK8EJ3DhaHfbRlETOWAS5pO9MZITeauHKJyb8wyajUfQUenkIg2MvLDTZ4T/TgIcm3HU0TFBgWWboAZ30UHg=="],

    "xmlchars": ["xmlchars@2.2.0", "https://registry.npmmirror.com/xmlchars/-/xmlchars-2.2.0.tgz", {}, "sha512-JZnDKK8B0RCDw84FNdDAIpZK+JuJw+s7Lz8nksI7SIuU3UXJJslUthsi+uWBUYOwPFwW7W7PRLRfUKpxjtjFCw=="],

    "zimmerframe": ["zimmerframe@1.1.4", "https://registry.npmmirror.com/zimmerframe/-/zimmerframe-1.1.4.tgz", {}, "sha512-B58NGBEoc8Y9MWWCQGl/gq9xBCe4IiKM0a2x7GZdQKOW5Exr8S1W24J6OgM1njK8xCRGvAJIL/MxXHf6SkmQKQ=="],

    "cssstyle/rrweb-cssom": ["rrweb-cssom@0.8.0", "https://registry.npmmirror.com/rrweb-cssom/-/rrweb-cssom-0.8.0.tgz", {}, "sha512-guoltQEx+9aMf2gDZ0s62EcV8lsXR+0w8915TC3ITdn2YueuNjdAYh/levpU9nFaoChh9RUS5ZdQMrKfVEN9tw=="],
  }
}
